#MicroXplorer Configuration settings - do not modify
ADC1.Channel-1\#ChannelRegularConversion=ADC_CHANNEL_8
ADC1.IPParameters=Rank-1\#ChannelRegularConversion,master,Channel-1\#ChannelRegularConversion,SamplingTime-1\#ChannelRegularConversion,NbrOfConversionFlag
ADC1.NbrOfConversionFlag=1
ADC1.Rank-1\#ChannelRegularConversion=1
ADC1.SamplingTime-1\#ChannelRegularConversion=ADC_SAMPLETIME_3CYCLES
ADC1.master=1
File.Version=6
KeepUserPlacement=false
MBEDTLS.IPParameters=MBEDTLS_SSL_CLI_C,MBEDTLS_SSL_SRV_C,MBEDTLS_RNG_IP,MBEDTLS_TCP_IP,MBEDTLS_X509_ALLOW_EXTENSIONS_NON_V3,MBEDTLS_X509_ALLOW_UNSUPPORTED_CRITICAL_EXTENSION,MBEDTLS_X509_CHECK_KEY_USAGE,MBEDTLS_X509_CHECK_EXTENDED_KEY_USAGE,MBEDTLS_SSL_ALL_ALERT_MESSAGES,MBEDTLS_SSL_ASYNC_PRIVATE,MBEDTLS_SSL_DEBUG_ALL,MBEDTLS_SSL_ENCRYPT_THEN_MAC,MBEDTLS_SSL_PROTO_DTLS,MBEDTLS_SSL_DTLS_ANTI_REPLAY,MBEDTLS_SSL_DTLS_HELLO_VERIFY,MBEDTLS_SSL_DTLS_CLIENT_PORT_REUSE,MBEDTLS_SSL_DTLS_BADMAC_LIMIT,MBEDTLS_SSL_SESSION_TICKETS,MBEDTLS_SSL_EXPORT_KEYS,MBEDTLS_SSL_SERVER_NAME_INDICATION,MBEDTLS_SSL_TRUNCATED_HMAC,MBEDTLS_SSL_EXTENDED_MASTER_SECRET,MBEDTLS_SSL_FALLBACK_SCSV,MBEDTLS_SSL_HW_RECORD_ACCEL,MBEDTLS_SSL_CBC_RECORD_SPLITTING,MBEDTLS_SSL_RENEGOTIATION,MBEDTLS_SSL_SRV_SUPPORT_SSLV2_CLIENT_HELLO,MBEDTLS_SSL_MAX_FRAGMENT_LENGTH
MBEDTLS.MBEDTLS_RNG_IP=SW_RNG
MBEDTLS.MBEDTLS_SSL_ALL_ALERT_MESSAGES=1
MBEDTLS.MBEDTLS_SSL_ASYNC_PRIVATE=1
MBEDTLS.MBEDTLS_SSL_CBC_RECORD_SPLITTING=0
MBEDTLS.MBEDTLS_SSL_CLI_C=1
MBEDTLS.MBEDTLS_SSL_DEBUG_ALL=1
MBEDTLS.MBEDTLS_SSL_DTLS_ANTI_REPLAY=1
MBEDTLS.MBEDTLS_SSL_DTLS_BADMAC_LIMIT=1
MBEDTLS.MBEDTLS_SSL_DTLS_CLIENT_PORT_REUSE=1
MBEDTLS.MBEDTLS_SSL_DTLS_HELLO_VERIFY=1
MBEDTLS.MBEDTLS_SSL_ENCRYPT_THEN_MAC=1
MBEDTLS.MBEDTLS_SSL_EXPORT_KEYS=1
MBEDTLS.MBEDTLS_SSL_EXTENDED_MASTER_SECRET=1
MBEDTLS.MBEDTLS_SSL_FALLBACK_SCSV=1
MBEDTLS.MBEDTLS_SSL_HW_RECORD_ACCEL=0
MBEDTLS.MBEDTLS_SSL_MAX_FRAGMENT_LENGTH=1
MBEDTLS.MBEDTLS_SSL_PROTO_DTLS=1
MBEDTLS.MBEDTLS_SSL_RENEGOTIATION=1
MBEDTLS.MBEDTLS_SSL_SERVER_NAME_INDICATION=1
MBEDTLS.MBEDTLS_SSL_SESSION_TICKETS=1
MBEDTLS.MBEDTLS_SSL_SRV_C=1
MBEDTLS.MBEDTLS_SSL_SRV_SUPPORT_SSLV2_CLIENT_HELLO=1
MBEDTLS.MBEDTLS_SSL_TRUNCATED_HMAC=1
MBEDTLS.MBEDTLS_TCP_IP=1
MBEDTLS.MBEDTLS_X509_ALLOW_EXTENSIONS_NON_V3=1
MBEDTLS.MBEDTLS_X509_ALLOW_UNSUPPORTED_CRITICAL_EXTENSION=1
MBEDTLS.MBEDTLS_X509_CHECK_EXTENDED_KEY_USAGE=1
MBEDTLS.MBEDTLS_X509_CHECK_KEY_USAGE=1
Mcu.Family=STM32F4
Mcu.IP0=ADC1
Mcu.IP1=I2C1
Mcu.IP10=TIM4
Mcu.IP11=TIM5
Mcu.IP12=TIM6
Mcu.IP13=TIM7
Mcu.IP14=TIM8
Mcu.IP15=TIM9
Mcu.IP16=TIM10
Mcu.IP17=TIM11
Mcu.IP18=TIM12
Mcu.IP19=TIM13
Mcu.IP2=MBEDTLS
Mcu.IP20=TIM14
Mcu.IP21=UART4
Mcu.IP22=UART5
Mcu.IP23=USART1
Mcu.IP24=USART2
Mcu.IP25=USART3
Mcu.IP26=USART6
Mcu.IP3=NVIC
Mcu.IP4=RCC
Mcu.IP5=RTC
Mcu.IP6=SPI1
Mcu.IP7=SYS
Mcu.IP8=TIM2
Mcu.IP9=TIM3
Mcu.IPNb=27
Mcu.Name=STM32F407V(E-G)Tx
Mcu.Package=LQFP100
Mcu.Pin0=PE2
Mcu.Pin1=PE3
Mcu.Pin10=PC0
Mcu.Pin11=PB0
Mcu.Pin12=PB1
Mcu.Pin13=PE8
Mcu.Pin14=PE9
Mcu.Pin15=PE10
Mcu.Pin16=PE11
Mcu.Pin17=PE12
Mcu.Pin18=PE13
Mcu.Pin19=PE14
Mcu.Pin2=PE4
Mcu.Pin20=PE15
Mcu.Pin21=PD8
Mcu.Pin22=PD9
Mcu.Pin23=PD10
Mcu.Pin24=PD11
Mcu.Pin25=PD12
Mcu.Pin26=PD13
Mcu.Pin27=PD14
Mcu.Pin28=PD15
Mcu.Pin29=PC6
Mcu.Pin3=PE5
Mcu.Pin30=PC7
Mcu.Pin31=PC8
Mcu.Pin32=PC9
Mcu.Pin33=PA9
Mcu.Pin34=PA10
Mcu.Pin35=PC10
Mcu.Pin36=PC11
Mcu.Pin37=PC12
Mcu.Pin38=PD1
Mcu.Pin39=PD2
Mcu.Pin4=PE6
Mcu.Pin40=PD3
Mcu.Pin41=PD4
Mcu.Pin42=PD5
Mcu.Pin43=PD6
Mcu.Pin44=PD7
Mcu.Pin45=PB3
Mcu.Pin46=PB4
Mcu.Pin47=PB5
Mcu.Pin48=PB6
Mcu.Pin49=PB8
Mcu.Pin5=PC13-ANTI_TAMP
Mcu.Pin50=PB9
Mcu.Pin51=PE0
Mcu.Pin52=PE1
Mcu.Pin53=VP_MBEDTLS_VS_MBEDTLS
Mcu.Pin54=VP_RTC_VS_RTC_Activate
Mcu.Pin55=VP_RTC_VS_RTC_Calendar
Mcu.Pin56=VP_RTC_VS_RTC_Alarm_B_Intern
Mcu.Pin57=VP_RTC_VS_RTC_Alarm_A_Intern
Mcu.Pin58=VP_SYS_VS_Systick
Mcu.Pin59=VP_TIM2_VS_ClockSourceINT
Mcu.Pin6=PC14-OSC32_IN
Mcu.Pin60=VP_TIM3_VS_ClockSourceINT
Mcu.Pin61=VP_TIM4_VS_ClockSourceINT
Mcu.Pin62=VP_TIM5_VS_ClockSourceINT
Mcu.Pin63=VP_TIM6_VS_ClockSourceINT
Mcu.Pin64=VP_TIM7_VS_ClockSourceINT
Mcu.Pin65=VP_TIM8_VS_ClockSourceINT
Mcu.Pin66=VP_TIM9_VS_ClockSourceINT
Mcu.Pin67=VP_TIM10_VS_ClockSourceINT
Mcu.Pin68=VP_TIM11_VS_ClockSourceINT
Mcu.Pin69=VP_TIM12_VS_ClockSourceINT
Mcu.Pin7=PC15-OSC32_OUT
Mcu.Pin70=VP_TIM13_VS_ClockSourceINT
Mcu.Pin71=VP_TIM14_VS_ClockSourceINT
Mcu.Pin8=PH0-OSC_IN
Mcu.Pin9=PH1-OSC_OUT
Mcu.PinsNb=72
Mcu.ThirdPartyNb=0
Mcu.UserConstants=
Mcu.UserName=STM32F407VGTx
MxCube.Version=5.3.0
MxDb.Version=DB.5.0.30
NVIC.ADC_IRQn=true\:0\:0\:false\:false\:true\:true\:true
NVIC.BusFault_IRQn=true\:0\:0\:false\:false\:true\:false\:false
NVIC.DebugMonitor_IRQn=true\:0\:0\:false\:false\:true\:false\:false
NVIC.HardFault_IRQn=true\:0\:0\:false\:false\:true\:false\:false
NVIC.MemoryManagement_IRQn=true\:0\:0\:false\:false\:true\:false\:false
NVIC.NonMaskableInt_IRQn=true\:0\:0\:false\:false\:true\:false\:false
NVIC.PendSV_IRQn=true\:0\:0\:false\:false\:true\:false\:false
NVIC.PriorityGroup=NVIC_PRIORITYGROUP_4
NVIC.RTC_Alarm_IRQn=true\:0\:0\:false\:false\:true\:true\:true
NVIC.SVCall_IRQn=true\:0\:0\:false\:false\:true\:false\:false
NVIC.SysTick_IRQn=true\:0\:0\:false\:false\:true\:false\:true
NVIC.TIM1_BRK_TIM9_IRQn=true\:0\:0\:false\:false\:true\:true\:true
NVIC.TIM1_TRG_COM_TIM11_IRQn=true\:0\:0\:false\:false\:true\:true\:true
NVIC.TIM1_UP_TIM10_IRQn=true\:0\:0\:false\:false\:true\:true\:true
NVIC.TIM2_IRQn=true\:0\:0\:false\:false\:true\:true\:true
NVIC.TIM3_IRQn=true\:0\:0\:false\:false\:true\:true\:true
NVIC.TIM4_IRQn=true\:0\:0\:false\:false\:true\:true\:true
NVIC.TIM5_IRQn=true\:0\:0\:false\:false\:true\:true\:true
NVIC.TIM6_DAC_IRQn=true\:0\:0\:false\:false\:true\:true\:true
NVIC.TIM7_IRQn=true\:0\:0\:false\:false\:true\:true\:true
NVIC.UART4_IRQn=true\:0\:0\:false\:false\:true\:true\:true
NVIC.UART5_IRQn=true\:0\:0\:false\:false\:true\:true\:true
NVIC.USART1_IRQn=true\:0\:0\:false\:false\:true\:true\:true
NVIC.USART2_IRQn=true\:0\:0\:false\:false\:true\:true\:true
NVIC.USART3_IRQn=true\:0\:0\:false\:false\:true\:true\:true
NVIC.USART6_IRQn=true\:0\:0\:false\:false\:true\:true\:true
NVIC.UsageFault_IRQn=true\:0\:0\:false\:false\:true\:false\:false
PA10.Mode=Asynchronous
PA10.Signal=USART1_RX
PA9.Mode=Asynchronous
PA9.Signal=USART1_TX
PB0.Locked=true
PB0.Signal=ADCx_IN8
PB1.Locked=true
PB1.Signal=ADCx_IN9
PB3.Locked=true
PB3.Mode=Full_Duplex_Master
PB3.Signal=SPI1_SCK
PB4.Locked=true
PB4.Mode=Full_Duplex_Master
PB4.Signal=SPI1_MISO
PB5.Locked=true
PB5.Mode=Full_Duplex_Master
PB5.Signal=SPI1_MOSI
PB6.GPIOParameters=GPIO_Speed,PinState,GPIO_PuPd,GPIO_Label,GPIO_ModeDefaultOutputPP
PB6.GPIO_Label=SPI_NSS
PB6.GPIO_ModeDefaultOutputPP=GPIO_MODE_OUTPUT_PP
PB6.GPIO_PuPd=GPIO_PULLUP
PB6.GPIO_Speed=GPIO_SPEED_FREQ_HIGH
PB6.Locked=true
PB6.PinState=GPIO_PIN_SET
PB6.Signal=GPIO_Output
PB8.Locked=true
PB8.Mode=I2C
PB8.Signal=I2C1_SCL
PB9.Locked=true
PB9.Mode=I2C
PB9.Signal=I2C1_SDA
PC0.GPIOParameters=GPIO_Speed,PinState,GPIO_PuPd,GPIO_Label,GPIO_ModeDefaultOutputPP
PC0.GPIO_Label=WDI
PC0.GPIO_ModeDefaultOutputPP=GPIO_MODE_OUTPUT_OD
PC0.GPIO_PuPd=GPIO_PULLUP
PC0.GPIO_Speed=GPIO_SPEED_FREQ_MEDIUM
PC0.Locked=true
PC0.PinState=GPIO_PIN_SET
PC0.Signal=GPIO_Output
PC10.Locked=true
PC10.Mode=Asynchronous
PC10.Signal=UART4_TX
PC11.Locked=true
PC11.Mode=Asynchronous
PC11.Signal=UART4_RX
PC12.Locked=true
PC12.Mode=Asynchronous
PC12.Signal=UART5_TX
PC13-ANTI_TAMP.GPIOParameters=GPIO_PuPd,GPIO_Label
PC13-ANTI_TAMP.GPIO_Label=IO_IN7
PC13-ANTI_TAMP.GPIO_PuPd=GPIO_PULLUP
PC13-ANTI_TAMP.Locked=true
PC13-ANTI_TAMP.Signal=GPIO_Input
PC14-OSC32_IN.Locked=true
PC14-OSC32_IN.Mode=LSE-External-Oscillator
PC14-OSC32_IN.Signal=RCC_OSC32_IN
PC15-OSC32_OUT.Locked=true
PC15-OSC32_OUT.Mode=LSE-External-Oscillator
PC15-OSC32_OUT.Signal=RCC_OSC32_OUT
PC6.Locked=true
PC6.Mode=Asynchronous
PC6.Signal=USART6_TX
PC7.Locked=true
PC7.Mode=Asynchronous
PC7.Signal=USART6_RX
PC8.GPIOParameters=GPIO_Speed,PinState,GPIO_PuPd,GPIO_Label,GPIO_ModeDefaultOutputPP
PC8.GPIO_Label=RS485_EN0
PC8.GPIO_ModeDefaultOutputPP=GPIO_MODE_OUTPUT_PP
PC8.GPIO_PuPd=GPIO_PULLDOWN
PC8.GPIO_Speed=GPIO_SPEED_FREQ_HIGH
PC8.Locked=true
PC8.PinState=GPIO_PIN_RESET
PC8.Signal=GPIO_Output
PC9.GPIOParameters=GPIO_Speed,GPIO_PuPd,GPIO_Label,GPIO_ModeDefaultOutputPP
PC9.GPIO_Label=RS485_EN1
PC9.GPIO_ModeDefaultOutputPP=GPIO_MODE_OUTPUT_PP
PC9.GPIO_PuPd=GPIO_PULLDOWN
PC9.GPIO_Speed=GPIO_SPEED_FREQ_HIGH
PC9.Locked=true
PC9.Signal=GPIO_Output
PCC.Checker=false
PCC.Line=STM32F407/417
PCC.MCU=STM32F407V(E-G)Tx
PCC.PartNumber=STM32F407VGTx
PCC.Seq0=0
PCC.Series=STM32F4
PCC.Temperature=25
PCC.Vdd=3.3
PD1.GPIOParameters=GPIO_PuPd,GPIO_Label
PD1.GPIO_Label=GSM_PSM_EINT
PD1.GPIO_PuPd=GPIO_PULLUP
PD1.Locked=true
PD1.Signal=GPIO_Input
PD10.GPIOParameters=GPIO_Speed,PinState,GPIO_PuPd,GPIO_Label,GPIO_ModeDefaultOutputPP
PD10.GPIO_Label=LED_UART_RX
PD10.GPIO_ModeDefaultOutputPP=GPIO_MODE_OUTPUT_PP
PD10.GPIO_PuPd=GPIO_PULLUP
PD10.GPIO_Speed=GPIO_SPEED_FREQ_MEDIUM
PD10.Locked=true
PD10.PinState=GPIO_PIN_SET
PD10.Signal=GPIO_Output
PD11.GPIOParameters=GPIO_Speed,PinState,GPIO_PuPd,GPIO_Label,GPIO_ModeDefaultOutputPP
PD11.GPIO_Label=LED_RF_RX
PD11.GPIO_ModeDefaultOutputPP=GPIO_MODE_OUTPUT_PP
PD11.GPIO_PuPd=GPIO_PULLUP
PD11.GPIO_Speed=GPIO_SPEED_FREQ_MEDIUM
PD11.Locked=true
PD11.PinState=GPIO_PIN_SET
PD11.Signal=GPIO_Output
PD12.GPIOParameters=GPIO_Speed,PinState,GPIO_PuPd,GPIO_Label,GPIO_ModeDefaultOutputPP
PD12.GPIO_Label=LED_RF_TX
PD12.GPIO_ModeDefaultOutputPP=GPIO_MODE_OUTPUT_PP
PD12.GPIO_PuPd=GPIO_PULLUP
PD12.GPIO_Speed=GPIO_SPEED_FREQ_MEDIUM
PD12.Locked=true
PD12.PinState=GPIO_PIN_SET
PD12.Signal=GPIO_Output
PD13.GPIOParameters=GPIO_Speed,PinState,GPIO_PuPd,GPIO_Label,GPIO_ModeDefaultOutputPP
PD13.GPIO_Label=LED_ERROR
PD13.GPIO_ModeDefaultOutputPP=GPIO_MODE_OUTPUT_PP
PD13.GPIO_PuPd=GPIO_PULLUP
PD13.GPIO_Speed=GPIO_SPEED_FREQ_MEDIUM
PD13.Locked=true
PD13.PinState=GPIO_PIN_SET
PD13.Signal=GPIO_Output
PD14.GPIOParameters=GPIO_Speed,PinState,GPIO_PuPd,GPIO_Label,GPIO_ModeDefaultOutputPP
PD14.GPIO_Label=LED_Link
PD14.GPIO_ModeDefaultOutputPP=GPIO_MODE_OUTPUT_PP
PD14.GPIO_PuPd=GPIO_PULLUP
PD14.GPIO_Speed=GPIO_SPEED_FREQ_MEDIUM
PD14.Locked=true
PD14.PinState=GPIO_PIN_SET
PD14.Signal=GPIO_Output
PD15.GPIOParameters=GPIO_Speed,PinState,GPIO_PuPd,GPIO_Label,GPIO_ModeDefaultOutputPP
PD15.GPIO_Label=LED_RUN
PD15.GPIO_ModeDefaultOutputPP=GPIO_MODE_OUTPUT_PP
PD15.GPIO_PuPd=GPIO_PULLUP
PD15.GPIO_Speed=GPIO_SPEED_FREQ_MEDIUM
PD15.Locked=true
PD15.PinState=GPIO_PIN_SET
PD15.Signal=GPIO_Output
PD2.Locked=true
PD2.Mode=Asynchronous
PD2.Signal=UART5_RX
PD3.GPIOParameters=GPIO_Speed,PinState,GPIO_PuPd,GPIO_Label,GPIO_ModeDefaultOutputPP
PD3.GPIO_Label=GSM_PWRKEY
PD3.GPIO_ModeDefaultOutputPP=GPIO_MODE_OUTPUT_PP
PD3.GPIO_PuPd=GPIO_PULLUP
PD3.GPIO_Speed=GPIO_SPEED_FREQ_HIGH
PD3.Locked=true
PD3.PinState=GPIO_PIN_SET
PD3.Signal=GPIO_Output
PD4.GPIOParameters=GPIO_PuPd,GPIO_Label
PD4.GPIO_Label=GSM_STA
PD4.GPIO_PuPd=GPIO_PULLDOWN
PD4.Locked=true
PD4.Signal=GPIO_Input
PD5.Locked=true
PD5.Mode=Asynchronous
PD5.Signal=USART2_TX
PD6.Locked=true
PD6.Mode=Asynchronous
PD6.Signal=USART2_RX
PD7.GPIOParameters=GPIO_Speed,PinState,GPIO_PuPd,GPIO_Label,GPIO_ModeDefaultOutputPP
PD7.GPIO_Label=GSM_RESET
PD7.GPIO_ModeDefaultOutputPP=GPIO_MODE_OUTPUT_PP
PD7.GPIO_PuPd=GPIO_PULLUP
PD7.GPIO_Speed=GPIO_SPEED_FREQ_HIGH
PD7.Locked=true
PD7.PinState=GPIO_PIN_SET
PD7.Signal=GPIO_Output
PD8.Locked=true
PD8.Mode=Asynchronous
PD8.Signal=USART3_TX
PD9.Locked=true
PD9.Mode=Asynchronous
PD9.Signal=USART3_RX
PE0.GPIOParameters=GPIO_PuPd,GPIO_Label
PE0.GPIO_Label=IO_IN0
PE0.GPIO_PuPd=GPIO_PULLUP
PE0.Locked=true
PE0.Signal=GPIO_Input
PE1.GPIOParameters=GPIO_PuPd,GPIO_Label
PE1.GPIO_Label=IO_IN1
PE1.GPIO_PuPd=GPIO_PULLUP
PE1.Locked=true
PE1.Signal=GPIO_Input
PE10.GPIOParameters=GPIO_Speed,GPIO_Label,GPIO_ModeDefaultOutputPP
PE10.GPIO_Label=IO_OUT2
PE10.GPIO_ModeDefaultOutputPP=GPIO_MODE_OUTPUT_OD
PE10.GPIO_Speed=GPIO_SPEED_FREQ_MEDIUM
PE10.Locked=true
PE10.Signal=GPIO_Output
PE11.GPIOParameters=GPIO_Speed,GPIO_Label,GPIO_ModeDefaultOutputPP
PE11.GPIO_Label=IO_OUT3
PE11.GPIO_ModeDefaultOutputPP=GPIO_MODE_OUTPUT_OD
PE11.GPIO_Speed=GPIO_SPEED_FREQ_MEDIUM
PE11.Locked=true
PE11.Signal=GPIO_Output
PE12.GPIOParameters=GPIO_Speed,GPIO_Label,GPIO_ModeDefaultOutputPP
PE12.GPIO_Label=IO_OUT4
PE12.GPIO_ModeDefaultOutputPP=GPIO_MODE_OUTPUT_OD
PE12.GPIO_Speed=GPIO_SPEED_FREQ_MEDIUM
PE12.Locked=true
PE12.Signal=GPIO_Output
PE13.GPIOParameters=GPIO_Speed,GPIO_PuPd,GPIO_Label,GPIO_ModeDefaultOutputPP
PE13.GPIO_Label=IO_OUT5
PE13.GPIO_ModeDefaultOutputPP=GPIO_MODE_OUTPUT_OD
PE13.GPIO_PuPd=GPIO_NOPULL
PE13.GPIO_Speed=GPIO_SPEED_FREQ_MEDIUM
PE13.Locked=true
PE13.Signal=GPIO_Output
PE14.GPIOParameters=GPIO_Speed,GPIO_Label,GPIO_ModeDefaultOutputPP
PE14.GPIO_Label=IO_OUT6
PE14.GPIO_ModeDefaultOutputPP=GPIO_MODE_OUTPUT_OD
PE14.GPIO_Speed=GPIO_SPEED_FREQ_MEDIUM
PE14.Locked=true
PE14.Signal=GPIO_Output
PE15.GPIOParameters=GPIO_Speed,GPIO_Label,GPIO_ModeDefaultOutputPP
PE15.GPIO_Label=IO_OUT7
PE15.GPIO_ModeDefaultOutputPP=GPIO_MODE_OUTPUT_OD
PE15.GPIO_Speed=GPIO_SPEED_FREQ_MEDIUM
PE15.Locked=true
PE15.Signal=GPIO_Output
PE2.GPIOParameters=GPIO_PuPd,GPIO_Label
PE2.GPIO_Label=IO_IN2
PE2.GPIO_PuPd=GPIO_PULLUP
PE2.Locked=true
PE2.Signal=GPIO_Input
PE3.GPIOParameters=GPIO_PuPd,GPIO_Label
PE3.GPIO_Label=IO_IN3
PE3.GPIO_PuPd=GPIO_PULLUP
PE3.Locked=true
PE3.Signal=GPIO_Input
PE4.GPIOParameters=GPIO_PuPd,GPIO_Label
PE4.GPIO_Label=IO_IN4
PE4.GPIO_PuPd=GPIO_PULLUP
PE4.Locked=true
PE4.Signal=GPIO_Input
PE5.GPIOParameters=GPIO_PuPd,GPIO_Label
PE5.GPIO_Label=IO_IN5
PE5.GPIO_PuPd=GPIO_PULLUP
PE5.Locked=true
PE5.Signal=GPIO_Input
PE6.GPIOParameters=GPIO_PuPd,GPIO_Label
PE6.GPIO_Label=IO_IN6
PE6.GPIO_PuPd=GPIO_PULLUP
PE6.Locked=true
PE6.Signal=GPIO_Input
PE8.GPIOParameters=GPIO_Speed,GPIO_PuPd,GPIO_Label,GPIO_ModeDefaultOutputPP
PE8.GPIO_Label=IO_OUT0
PE8.GPIO_ModeDefaultOutputPP=GPIO_MODE_OUTPUT_OD
PE8.GPIO_PuPd=GPIO_NOPULL
PE8.GPIO_Speed=GPIO_SPEED_FREQ_MEDIUM
PE8.Locked=true
PE8.Signal=GPIO_Output
PE9.GPIOParameters=GPIO_Speed,GPIO_PuPd,GPIO_Label,GPIO_ModeDefaultOutputPP
PE9.GPIO_Label=IO_OUT1
PE9.GPIO_ModeDefaultOutputPP=GPIO_MODE_OUTPUT_OD
PE9.GPIO_PuPd=GPIO_NOPULL
PE9.GPIO_Speed=GPIO_SPEED_FREQ_MEDIUM
PE9.Locked=true
PE9.Signal=GPIO_Output
PH0-OSC_IN.Locked=true
PH0-OSC_IN.Mode=HSE-External-Oscillator
PH0-OSC_IN.Signal=RCC_OSC_IN
PH1-OSC_OUT.Locked=true
PH1-OSC_OUT.Mode=HSE-External-Oscillator
PH1-OSC_OUT.Signal=RCC_OSC_OUT
PinOutPanel.RotationAngle=0
ProjectManager.AskForMigrate=true
ProjectManager.BackupPrevious=false
ProjectManager.CompilerOptimize=6
ProjectManager.ComputerToolchain=false
ProjectManager.CoupleFile=false
ProjectManager.CustomerFirmwarePackage=
ProjectManager.DefaultFWLocation=true
ProjectManager.DeletePrevious=true
ProjectManager.DeviceId=STM32F407VGTx
ProjectManager.FirmwarePackage=STM32Cube FW_F4 V1.24.2
ProjectManager.FreePins=false
ProjectManager.HalAssertFull=false
ProjectManager.HeapSize=0x10000
ProjectManager.KeepUserCode=true
ProjectManager.LastFirmware=true
ProjectManager.LibraryCopy=0
ProjectManager.MainLocation=Src
ProjectManager.NoMain=false
ProjectManager.PreviousToolchain=
ProjectManager.ProjectBuild=false
ProjectManager.ProjectFileName=ALL_AT_Aliyun.ioc
ProjectManager.ProjectName=ALL_AT_Aliyun
ProjectManager.StackSize=0x4000
ProjectManager.TargetToolchain=MDK-ARM V5
ProjectManager.ToolChainLocation=
ProjectManager.UnderRoot=false
ProjectManager.functionlistsort=1-MX_GPIO_Init-GPIO-false-HAL-true,2-SystemClock_Config-RCC-false-HAL-false,3-MX_ADC1_Init-ADC1-false-HAL-true,4-MX_I2C1_Init-I2C1-false-HAL-true,5-MX_SPI1_Init-SPI1-false-HAL-true,6-MX_TIM2_Init-TIM2-false-HAL-true,7-MX_TIM3_Init-TIM3-false-HAL-true,8-MX_TIM4_Init-TIM4-false-HAL-true,9-MX_TIM5_Init-TIM5-false-HAL-true,10-MX_TIM6_Init-TIM6-false-HAL-true,11-MX_TIM7_Init-TIM7-false-HAL-true,12-MX_TIM9_Init-TIM9-false-HAL-true,13-MX_TIM10_Init-TIM10-false-HAL-true,14-MX_TIM11_Init-TIM11-false-HAL-true,15-MX_TIM12_Init-TIM12-false-HAL-true,16-MX_TIM13_Init-TIM13-false-HAL-true,17-MX_TIM14_Init-TIM14-false-HAL-true,18-MX_UART4_Init-UART4-false-HAL-true,19-MX_UART5_Init-UART5-false-HAL-true,20-MX_USART1_UART_Init-USART1-false-HAL-true,21-MX_USART2_UART_Init-USART2-false-HAL-true,22-MX_USART3_UART_Init-USART3-false-HAL-true,23-MX_USART6_UART_Init-USART6-false-HAL-true,24-MX_MBEDTLS_Init-MBEDTLS-false-HAL-true,25-MX_RTC_Init-RTC-false-HAL-true,26-MX_TIM8_Init-TIM8-false-HAL-true
RCC.48MHZClocksFreq_Value=84000000
RCC.AHBFreq_Value=168000000
RCC.APB1CLKDivider=RCC_HCLK_DIV4
RCC.APB1Freq_Value=42000000
RCC.APB1TimFreq_Value=84000000
RCC.APB2CLKDivider=RCC_HCLK_DIV2
RCC.APB2Freq_Value=84000000
RCC.APB2TimFreq_Value=168000000
RCC.CortexFreq_Value=168000000
RCC.EthernetFreq_Value=168000000
RCC.FCLKCortexFreq_Value=168000000
RCC.FamilyName=M
RCC.HCLKFreq_Value=168000000
RCC.HSE_VALUE=12000000
RCC.HSI_VALUE=16000000
RCC.I2SClocksFreq_Value=192000000
RCC.IPParameters=48MHZClocksFreq_Value,AHBFreq_Value,APB1CLKDivider,APB1Freq_Value,APB1TimFreq_Value,APB2CLKDivider,APB2Freq_Value,APB2TimFreq_Value,CortexFreq_Value,EthernetFreq_Value,FCLKCortexFreq_Value,FamilyName,HCLKFreq_Value,HSE_VALUE,HSI_VALUE,I2SClocksFreq_Value,LSI_VALUE,MCO2PinFreq_Value,PLLCLKFreq_Value,PLLM,PLLN,PLLQCLKFreq_Value,PLLSourceVirtual,RTCFreq_Value,RTCHSEDivFreq_Value,SYSCLKFreq_VALUE,SYSCLKSource,VCOI2SOutputFreq_Value,VCOInputFreq_Value,VCOOutputFreq_Value,VcooutputI2S
RCC.LSI_VALUE=32000
RCC.MCO2PinFreq_Value=168000000
RCC.PLLCLKFreq_Value=168000000
RCC.PLLM=6
RCC.PLLN=168
RCC.PLLQCLKFreq_Value=84000000
RCC.PLLSourceVirtual=RCC_PLLSOURCE_HSE
RCC.RTCFreq_Value=32000
RCC.RTCHSEDivFreq_Value=6000000
RCC.SYSCLKFreq_VALUE=168000000
RCC.SYSCLKSource=RCC_SYSCLKSOURCE_PLLCLK
RCC.VCOI2SOutputFreq_Value=384000000
RCC.VCOInputFreq_Value=2000000
RCC.VCOOutputFreq_Value=336000000
RCC.VcooutputI2S=192000000
RTC.Alarm=RTC_ALARM_A
RTC.AlarmMaskHours_B=RTC_ALARMMASK_HOURS
RTC.AlarmMaskMinutes_B=RTC_ALARMMASK_MINUTES
RTC.AlarmMaskSeconds_B=RTC_ALARMMASK_SECONDS
RTC.Alarm_B=RTC_ALARM_B
RTC.IPParameters=Alarm,Alarm_B,AlarmMaskSeconds_B,AlarmMaskMinutes_B,AlarmMaskHours_B
SH.ADCx_IN8.0=ADC1_IN8,IN8
SH.ADCx_IN8.ConfNb=1
SH.ADCx_IN9.0=ADC1_IN9,IN9
SH.ADCx_IN9.ConfNb=1
SPI1.CalculateBaudRate=42.0 MBits/s
SPI1.Direction=SPI_DIRECTION_2LINES
SPI1.IPParameters=VirtualType,Mode,Direction,CalculateBaudRate
SPI1.Mode=SPI_MODE_MASTER
SPI1.VirtualType=VM_MASTER
TIM10.ClockDivision=TIM_CLOCKDIVISION_DIV2
TIM10.IPParameters=Prescaler,Period,ClockDivision
TIM10.Period=4*1024
TIM10.Prescaler=21*1024-1
TIM11.ClockDivision=TIM_CLOCKDIVISION_DIV2
TIM11.IPParameters=Period,Prescaler,ClockDivision
TIM11.Period=4*1024
TIM11.Prescaler=21*1024-1
TIM12.ClockDivision=TIM_CLOCKDIVISION_DIV2
TIM12.IPParameters=Period,Prescaler,ClockDivision
TIM12.Period=4*1024
TIM12.Prescaler=21*1024-1
TIM13.ClockDivision=TIM_CLOCKDIVISION_DIV2
TIM13.IPParameters=Period,Prescaler,ClockDivision
TIM13.Period=4*1024
TIM13.Prescaler=21*1024-1
TIM14.ClockDivision=TIM_CLOCKDIVISION_DIV2
TIM14.IPParameters=Prescaler,Period,ClockDivision
TIM14.Period=4*1024
TIM14.Prescaler=21*1024-1
TIM2.ClockDivision=TIM_CLOCKDIVISION_DIV2
TIM2.IPParameters=Prescaler,Period,ClockDivision
TIM2.Period=4*1024
TIM2.Prescaler=21*1024-1
TIM3.ClockDivision=TIM_CLOCKDIVISION_DIV2
TIM3.IPParameters=Period,Prescaler,ClockDivision
TIM3.Period=4*1024
TIM3.Prescaler=21*1024-1
TIM4.ClockDivision=TIM_CLOCKDIVISION_DIV2
TIM4.IPParameters=Period,Prescaler,ClockDivision
TIM4.Period=4*10241
TIM4.Prescaler=21*1024-1
TIM5.ClockDivision=TIM_CLOCKDIVISION_DIV2
TIM5.IPParameters=Period,Prescaler,ClockDivision
TIM5.Period=4*1024
TIM5.Prescaler=21*1024-1
TIM6.IPParameters=Period,Prescaler
TIM6.Period=4*1024
TIM6.Prescaler=21*1024-1
TIM7.IPParameters=Period,Prescaler
TIM7.Period=4*1024
TIM7.Prescaler=21*1024-1
TIM8.ClockDivision=TIM_CLOCKDIVISION_DIV2
TIM8.IPParameters=Prescaler,Period,ClockDivision
TIM8.Period=4*1024
TIM8.Prescaler=21*1024-1
TIM9.ClockDivision=TIM_CLOCKDIVISION_DIV2
TIM9.IPParameters=Period,Prescaler,ClockDivision
TIM9.Period=4*1024
TIM9.Prescaler=21*1024-1
UART4.IPParameters=VirtualMode
UART4.VirtualMode=Asynchronous
UART5.IPParameters=VirtualMode
UART5.VirtualMode=Asynchronous
USART1.IPParameters=VirtualMode
USART1.VirtualMode=VM_ASYNC
USART2.IPParameters=VirtualMode
USART2.VirtualMode=VM_ASYNC
USART3.IPParameters=VirtualMode
USART3.VirtualMode=VM_ASYNC
USART6.IPParameters=VirtualMode
USART6.VirtualMode=VM_ASYNC
VP_MBEDTLS_VS_MBEDTLS.Mode=Enabled
VP_MBEDTLS_VS_MBEDTLS.Signal=MBEDTLS_VS_MBEDTLS
VP_RTC_VS_RTC_Activate.Mode=RTC_Enabled
VP_RTC_VS_RTC_Activate.Signal=RTC_VS_RTC_Activate
VP_RTC_VS_RTC_Alarm_A_Intern.Mode=Alarm A
VP_RTC_VS_RTC_Alarm_A_Intern.Signal=RTC_VS_RTC_Alarm_A_Intern
VP_RTC_VS_RTC_Alarm_B_Intern.Mode=Alarm B
VP_RTC_VS_RTC_Alarm_B_Intern.Signal=RTC_VS_RTC_Alarm_B_Intern
VP_RTC_VS_RTC_Calendar.Mode=RTC_Calendar
VP_RTC_VS_RTC_Calendar.Signal=RTC_VS_RTC_Calendar
VP_SYS_VS_Systick.Mode=SysTick
VP_SYS_VS_Systick.Signal=SYS_VS_Systick
VP_TIM10_VS_ClockSourceINT.Mode=Enable_Timer
VP_TIM10_VS_ClockSourceINT.Signal=TIM10_VS_ClockSourceINT
VP_TIM11_VS_ClockSourceINT.Mode=Enable_Timer
VP_TIM11_VS_ClockSourceINT.Signal=TIM11_VS_ClockSourceINT
VP_TIM12_VS_ClockSourceINT.Mode=Internal
VP_TIM12_VS_ClockSourceINT.Signal=TIM12_VS_ClockSourceINT
VP_TIM13_VS_ClockSourceINT.Mode=Enable_Timer
VP_TIM13_VS_ClockSourceINT.Signal=TIM13_VS_ClockSourceINT
VP_TIM14_VS_ClockSourceINT.Mode=Enable_Timer
VP_TIM14_VS_ClockSourceINT.Signal=TIM14_VS_ClockSourceINT
VP_TIM2_VS_ClockSourceINT.Mode=Internal
VP_TIM2_VS_ClockSourceINT.Signal=TIM2_VS_ClockSourceINT
VP_TIM3_VS_ClockSourceINT.Mode=Internal
VP_TIM3_VS_ClockSourceINT.Signal=TIM3_VS_ClockSourceINT
VP_TIM4_VS_ClockSourceINT.Mode=Internal
VP_TIM4_VS_ClockSourceINT.Signal=TIM4_VS_ClockSourceINT
VP_TIM5_VS_ClockSourceINT.Mode=Internal
VP_TIM5_VS_ClockSourceINT.Signal=TIM5_VS_ClockSourceINT
VP_TIM6_VS_ClockSourceINT.Mode=Enable_Timer
VP_TIM6_VS_ClockSourceINT.Signal=TIM6_VS_ClockSourceINT
VP_TIM7_VS_ClockSourceINT.Mode=Enable_Timer
VP_TIM7_VS_ClockSourceINT.Signal=TIM7_VS_ClockSourceINT
VP_TIM8_VS_ClockSourceINT.Mode=Internal
VP_TIM8_VS_ClockSourceINT.Signal=TIM8_VS_ClockSourceINT
VP_TIM9_VS_ClockSourceINT.Mode=Internal
VP_TIM9_VS_ClockSourceINT.Signal=TIM9_VS_ClockSourceINT
board=custom
